
Microsoft Visual Studio Solution File, Format Version 12.00
# Visual Studio Version 17
VisualStudioVersion = 17.3.32825.248
MinimumVisualStudioVersion = 10.0.40219.1
Project("{FAE04EC0-301F-11D3-BF4B-00C04F79EFBC}") = "Robot.War.ConsoleApp", "Robot.War.ConsoleApp\Robot.War.ConsoleApp.csproj", "{F2F8342C-1F53-490C-9C6D-2AD21178C4AD}"
EndProject
Project("{FAE04EC0-301F-11D3-BF4B-00C04F79EFBC}") = "Robot.War", "Robot.War\Robot.War.csproj", "{730BA00F-9ECA-468A-A549-6D7C58B79F91}"
EndProject
Global
	GlobalSection(SolutionConfigurationPlatforms) = preSolution
		Debug|Any CPU = Debug|Any CPU
		Release|Any CPU = Release|Any CPU
	EndGlobalSection
	GlobalSection(ProjectConfigurationPlatforms) = postSolution
		{F2F8342C-1F53-490C-9C6D-2AD21178C4AD}.Debug|Any CPU.ActiveCfg = Debug|Any CPU
		{F2F8342C-1F53-490C-9C6D-2AD21178C4AD}.Debug|Any CPU.Build.0 = Debug|Any CPU
		{F2F8342C-1F53-490C-9C6D-2AD21178C4AD}.Release|Any CPU.ActiveCfg = Release|Any CPU
		{F2F8342C-1F53-490C-9C6D-2AD21178C4AD}.Release|Any CPU.Build.0 = Release|Any CPU
		{730BA00F-9ECA-468A-A549-6D7C58B79F91}.Debug|Any CPU.ActiveCfg = Debug|Any CPU
		{730BA00F-9ECA-468A-A549-6D7C58B79F91}.Debug|Any CPU.Build.0 = Debug|Any CPU
		{730BA00F-9ECA-468A-A549-6D7C58B79F91}.Release|Any CPU.ActiveCfg = Release|Any CPU
		{730BA00F-9ECA-468A-A549-6D7C58B79F91}.Release|Any CPU.Build.0 = Release|Any CPU
	EndGlobalSection
	GlobalSection(SolutionProperties) = preSolution
		HideSolutionNode = FALSE
	EndGlobalSection
	GlobalSection(ExtensibilityGlobals) = postSolution
		SolutionGuid = {054A6624-D659-4D82-B11A-61609713D8E2}
	EndGlobalSection
EndGlobal
